// !$*UTF8*$!
{
	archiveVersion = 1;
	classes = {
	};
	objectVersion = 77;
	objects = {

/* Begin PBXContainerItemProxy section */
		E99712D72DD46B730042E422 /* PBXContainerItemProxy */ = {
			isa = PBXContainerItemProxy;
			containerPortal = E99712C12DD46B710042E422 /* Project object */;
			proxyType = 1;
			remoteGlobalIDString = E99712C82DD46B710042E422;
			remoteInfo = AccessibilitySandbox;
		};
		E99712E12DD46B730042E422 /* PBXContainerItemProxy */ = {
			isa = PBXContainerItemProxy;
			containerPortal = E99712C12DD46B710042E422 /* Project object */;
			proxyType = 1;
			remoteGlobalIDString = E99712C82DD46B710042E422;
			remoteInfo = AccessibilitySandbox;
		};
/* End PBXContainerItemProxy section */

/* Begin PBXFileReference section */
		E99712C92DD46B710042E422 /* AccessibilitySandbox.app */ = {isa = PBXFileReference; explicitFileType = wrapper.application; includeInIndex = 0; path = AccessibilitySandbox.app; sourceTree = BUILT_PRODUCTS_DIR; };
		E99712D62DD46B730042E422 /* AccessibilitySandboxTests.xctest */ = {isa = PBXFileReference; explicitFileType = wrapper.cfbundle; includeInIndex = 0; path = AccessibilitySandboxTests.xctest; sourceTree = BUILT_PRODUCTS_DIR; };
		E99712E02DD46B730042E422 /* AccessibilitySandboxUITests.xctest */ = {isa = PBXFileReference; explicitFileType = wrapper.cfbundle; includeInIndex = 0; path = AccessibilitySandboxUITests.xctest; sourceTree = BUILT_PRODUCTS_DIR; };
/* End PBXFileReference section */

/* Begin PBXFileSystemSynchronizedRootGroup section */
		E99712CB2DD46B710042E422 /* AccessibilitySandbox */ = {
			isa = PBXFileSystemSynchronizedRootGroup;
			path = AccessibilitySandbox;
			sourceTree = "<group>";
		};
		E99712D92DD46B730042E422 /* AccessibilitySandboxTests */ = {
			isa = PBXFileSystemSynchronizedRootGroup;
			path = AccessibilitySandboxTests;
			sourceTree = "<group>";
		};
		E99712E32DD46B730042E422 /* AccessibilitySandboxUITests */ = {
			isa = PBXFileSystemSynchronizedRootGroup;
			path = AccessibilitySandboxUITests;
			sourceTree = "<group>";
		};
/* End PBXFileSystemSynchronizedRootGroup section */

/* Begin PBXFrameworksBuildPhase section */
		E99712C62DD46B710042E422 /* Frameworks */ = {
			isa = PBXFrameworksBuildPhase;
			buildActionMask = 2147483647;
			files = (
			);
			runOnlyForDeploymentPostprocessing = 0;
		};
		E99712D32DD46B730042E422 /* Frameworks */ = {
			isa = PBXFrameworksBuildPhase;
			buildActionMask = 2147483647;
			files = (
			);
			runOnlyForDeploymentPostprocessing = 0;
		};
		E99712DD2DD46B730042E422 /* Frameworks */ = {
			isa = PBXFrameworksBuildPhase;
			buildActionMask = 2147483647;
			files = (
			);
			runOnlyForDeploymentPostprocessing = 0;
		};
/* End PBXFrameworksBuildPhase section */

/* Begin PBXGroup section */
		E99712C02DD46B710042E422 = {
			isa = PBXGroup;
			children = (
				E99712CB2DD46B710042E422 /* AccessibilitySandbox */,
				E99712D92DD46B730042E422 /* AccessibilitySandboxTests */,
				E99712E32DD46B730042E422 /* AccessibilitySandboxUITests */,
				E99712CA2DD46B710042E422 /* Products */,
			);
			sourceTree = "<group>";
		};
		E99712CA2DD46B710042E422 /* Products */ = {
			isa = PBXGroup;
			children = (
				E99712C92DD46B710042E422 /* AccessibilitySandbox.app */,
				E99712D62DD46B730042E422 /* AccessibilitySandboxTests.xctest */,
				E99712E02DD46B730042E422 /* AccessibilitySandboxUITests.xctest */,
			);
			name = Products;
			sourceTree = "<group>";
		};
/* End PBXGroup section */

/* Begin PBXNativeTarget section */
		E99712C82DD46B710042E422 /* AccessibilitySandbox */ = {
			isa = PBXNativeTarget;
			buildConfigurationList = E99712EA2DD46B730042E422 /* Build configuration list for PBXNativeTarget "AccessibilitySandbox" */;
			buildPhases = (
				E99712C52DD46B710042E422 /* Sources */,
				E99712C62DD46B710042E422 /* Frameworks */,
				E99712C72DD46B710042E422 /* Resources */,
			);
			buildRules = (
			);
			dependencies = (
			);
			fileSystemSynchronizedGroups = (
				E99712CB2DD46B710042E422 /* AccessibilitySandbox */,
			);
			name = AccessibilitySandbox;
			packageProductDependencies = (
			);
			productName = AccessibilitySandbox;
			productReference = E99712C92DD46B710042E422 /* AccessibilitySandbox.app */;
			productType = "com.apple.product-type.application";
		};
		E99712D52DD46B730042E422 /* AccessibilitySandboxTests */ = {
			isa = PBXNativeTarget;
			buildConfigurationList = E99712ED2DD46B730042E422 /* Build configuration list for PBXNativeTarget "AccessibilitySandboxTests" */;
			buildPhases = (
				E99712D22DD46B730042E422 /* Sources */,
				E99712D32DD46B730042E422 /* Frameworks */,
				E99712D42DD46B730042E422 /* Resources */,
			);
			buildRules = (
			);
			dependencies = (
				E99712D82DD46B730042E422 /* PBXTargetDependency */,
			);
			fileSystemSynchronizedGroups = (
				E99712D92DD46B730042E422 /* AccessibilitySandboxTests */,
			);
			name = AccessibilitySandboxTests;
			packageProductDependencies = (
			);
			productName = AccessibilitySandboxTests;
			productReference = E99712D62DD46B730042E422 /* AccessibilitySandboxTests.xctest */;
			productType = "com.apple.product-type.bundle.unit-test";
		};
		E99712DF2DD46B730042E422 /* AccessibilitySandboxUITests */ = {
			isa = PBXNativeTarget;
			buildConfigurationList = E99712F02DD46B730042E422 /* Build configuration list for PBXNativeTarget "AccessibilitySandboxUITests" */;
			buildPhases = (
				E99712DC2DD46B730042E422 /* Sources */,
				E99712DD2DD46B730042E422 /* Frameworks */,
				E99712DE2DD46B730042E422 /* Resources */,
			);
			buildRules = (
			);
			dependencies = (
				E99712E22DD46B730042E422 /* PBXTargetDependency */,
			);
			fileSystemSynchronizedGroups = (
				E99712E32DD46B730042E422 /* AccessibilitySandboxUITests */,
			);
			name = AccessibilitySandboxUITests;
			packageProductDependencies = (
			);
			productName = AccessibilitySandboxUITests;
			productReference = E99712E02DD46B730042E422 /* AccessibilitySandboxUITests.xctest */;
			productType = "com.apple.product-type.bundle.ui-testing";
		};
/* End PBXNativeTarget section */

/* Begin PBXProject section */
		E99712C12DD46B710042E422 /* Project object */ = {
			isa = PBXProject;
			attributes = {
				BuildIndependentTargetsInParallel = 1;
				LastSwiftUpdateCheck = 1630;
				LastUpgradeCheck = 1630;
				TargetAttributes = {
					E99712C82DD46B710042E422 = {
						CreatedOnToolsVersion = 16.3;
					};
					E99712D52DD46B730042E422 = {
						CreatedOnToolsVersion = 16.3;
						TestTargetID = E99712C82DD46B710042E422;
					};
					E99712DF2DD46B730042E422 = {
						CreatedOnToolsVersion = 16.3;
						TestTargetID = E99712C82DD46B710042E422;
					};
				};
			};
			buildConfigurationList = E99712C42DD46B710042E422 /* Build configuration list for PBXProject "AccessibilitySandbox" */;
			developmentRegion = en;
			hasScannedForEncodings = 0;
			knownRegions = (
				en,
				Base,
			);
			mainGroup = E99712C02DD46B710042E422;
			minimizedProjectReferenceProxies = 1;
			preferredProjectObjectVersion = 77;
			productRefGroup = E99712CA2DD46B710042E422 /* Products */;
			projectDirPath = "";
			projectRoot = "";
			targets = (
				E99712C82DD46B710042E422 /* AccessibilitySandbox */,
				E99712D52DD46B730042E422 /* AccessibilitySandboxTests */,
				E99712DF2DD46B730042E422 /* AccessibilitySandboxUITests */,
			);
		};
/* End PBXProject section */

/* Begin PBXResourcesBuildPhase section */
		E99712C72DD46B710042E422 /* Resources */ = {
			isa = PBXResourcesBuildPhase;
			buildActionMask = 2147483647;
			files = (
			);
			runOnlyForDeploymentPostprocessing = 0;
		};
		E99712D42DD46B730042E422 /* Resources */ = {
			isa = PBXResourcesBuildPhase;
			buildActionMask = 2147483647;
			files = (
			);
			runOnlyForDeploymentPostprocessing = 0;
		};
		E99712DE2DD46B730042E422 /* Resources */ = {
			isa = PBXResourcesBuildPhase;
			buildActionMask = 2147483647;
			files = (
			);
			runOnlyForDeploymentPostprocessing = 0;
		};
/* End PBXResourcesBuildPhase section */

/* Begin PBXSourcesBuildPhase section */
		E99712C52DD46B710042E422 /* Sources */ = {
			isa = PBXSourcesBuildPhase;
			buildActionMask = 2147483647;
			files = (
			);
			runOnlyForDeploymentPostprocessing = 0;
		};
		E99712D22DD46B730042E422 /* Sources */ = {
			isa = PBXSourcesBuildPhase;
			buildActionMask = 2147483647;
			files = (
			);
			runOnlyForDeploymentPostprocessing = 0;
		};
		E99712DC2DD46B730042E422 /* Sources */ = {
			isa = PBXSourcesBuildPhase;
			buildActionMask = 2147483647;
			files = (
			);
			runOnlyForDeploymentPostprocessing = 0;
		};
/* End PBXSourcesBuildPhase section */

/* Begin PBXTargetDependency section */
		E99712D82DD46B730042E422 /* PBXTargetDependency */ = {
			isa = PBXTargetDependency;
			target = E99712C82DD46B710042E422 /* AccessibilitySandbox */;
			targetProxy = E99712D72DD46B730042E422 /* PBXContainerItemProxy */;
		};
		E99712E22DD46B730042E422 /* PBXTargetDependency */ = {
			isa = PBXTargetDependency;
			target = E99712C82DD46B710042E422 /* AccessibilitySandbox */;
			targetProxy = E99712E12DD46B730042E422 /* PBXContainerItemProxy */;
		};
/* End PBXTargetDependency section */

/* Begin XCBuildConfiguration section */
		E99712E82DD46B730042E422 /* Debug */ = {
			isa = XCBuildConfiguration;
			buildSettings = {
				ALWAYS_SEARCH_USER_PATHS = NO;
				ASSETCATALOG_COMPILER_GENERATE_SWIFT_ASSET_SYMBOL_EXTENSIONS = YES;
				CLANG_ANALYZER_NONNULL = YES;
				CLANG_ANALYZER_NUMBER_OBJECT_CONVERSION = YES_AGGRESSIVE;
				CLANG_CXX_LANGUAGE_STANDARD = "gnu++20";
				CLANG_ENABLE_MODULES = YES;
				CLANG_ENABLE_OBJC_ARC = YES;
				CLANG_ENABLE_OBJC_WEAK = YES;
				CLANG_WARN_BLOCK_CAPTURE_AUTORELEASING = YES;
				CLANG_WARN_BOOL_CONVERSION = YES;
				CLANG_WARN_COMMA = YES;
				CLANG_WARN_CONSTANT_CONVERSION = YES;
				CLANG_WARN_DEPRECATED_OBJC_IMPLEMENTATIONS = YES;
				CLANG_WARN_DIRECT_OBJC_ISA_USAGE = YES_ERROR;
				CLANG_WARN_DOCUMENTATION_COMMENTS = YES;
				CLANG_WARN_EMPTY_BODY = YES;
				CLANG_WARN_ENUM_CONVERSION = YES;
				CLANG_WARN_INFINITE_RECURSION = YES;
				CLANG_WARN_INT_CONVERSION = YES;
				CLANG_WARN_NON_LITERAL_NULL_CONVERSION = YES;
				CLANG_WARN_OBJC_IMPLICIT_RETAIN_SELF = YES;
				CLANG_WARN_OBJC_LITERAL_CONVERSION = YES;
				CLANG_WARN_OBJC_ROOT_CLASS = YES_ERROR;
				CLANG_WARN_QUOTED_INCLUDE_IN_FRAMEWORK_HEADER = YES;
				CLANG_WARN_RANGE_LOOP_ANALYSIS = YES;
				CLANG_WARN_STRICT_PROTOTYPES = YES;
				CLANG_WARN_SUSPICIOUS_MOVE = YES;
				CLANG_WARN_UNGUARDED_AVAILABILITY = YES_AGGRESSIVE;
				CLANG_WARN_UNREACHABLE_CODE = YES;
				CLANG_WARN__DUPLICATE_METHOD_MATCH = YES;
				COPY_PHASE_STRIP = NO;
				DEBUG_INFORMATION_FORMAT = dwarf;
				ENABLE_STRICT_OBJC_MSGSEND = YES;
				ENABLE_TESTABILITY = YES;
				ENABLE_USER_SCRIPT_SANDBOXING = YES;
				GCC_C_LANGUAGE_STANDARD = gnu17;
				GCC_DYNAMIC_NO_PIC = NO;
				GCC_NO_COMMON_BLOCKS = YES;
				GCC_OPTIMIZATION_LEVEL = 0;
				GCC_PREPROCESSOR_DEFINITIONS = (
					"DEBUG=1",
					"$(inherited)",
				);
				GCC_WARN_64_TO_32_BIT_CONVERSION = YES;
				GCC_WARN_ABOUT_RETURN_TYPE = YES_ERROR;
				GCC_WARN_UNDECLARED_SELECTOR = YES;
				GCC_WARN_UNINITIALIZED_AUTOS = YES_AGGRESSIVE;
				GCC_WARN_UNUSED_FUNCTION = YES;
				GCC_WARN_UNUSED_VARIABLE = YES;
				IPHONEOS_DEPLOYMENT_TARGET = 18.4;
				LOCALIZATION_PREFERS_STRING_CATALOGS = YES;
				MTL_ENABLE_DEBUG_INFO = INCLUDE_SOURCE;
				MTL_FAST_MATH = YES;
				ONLY_ACTIVE_ARCH = YES;
				SDKROOT = iphoneos;
				SWIFT_ACTIVE_COMPILATION_CONDITIONS = "DEBUG $(inherited)";
				SWIFT_OPTIMIZATION_LEVEL = "-Onone";
			};
			name = Debug;
		};
		E99712E92DD46B730042E422 /* Release */ = {
			isa = XCBuildConfiguration;
			buildSettings = {
				ALWAYS_SEARCH_USER_PATHS = NO;
				ASSETCATALOG_COMPILER_GENERATE_SWIFT_ASSET_SYMBOL_EXTENSIONS = YES;
				CLANG_ANALYZER_NONNULL = YES;
				CLANG_ANALYZER_NUMBER_OBJECT_CONVERSION = YES_AGGRESSIVE;
				CLANG_CXX_LANGUAGE_STANDARD = "gnu++20";
				CLANG_ENABLE_MODULES = YES;
				CLANG_ENABLE_OBJC_ARC = YES;
				CLANG_ENABLE_OBJC_WEAK = YES;
				CLANG_WARN_BLOCK_CAPTURE_AUTORELEASING = YES;
				CLANG_WARN_BOOL_CONVERSION = YES;
				CLANG_WARN_COMMA = YES;
				CLANG_WARN_CONSTANT_CONVERSION = YES;
				CLANG_WARN_DEPRECATED_OBJC_IMPLEMENTATIONS = YES;
				CLANG_WARN_DIRECT_OBJC_ISA_USAGE = YES_ERROR;
				CLANG_WARN_DOCUMENTATION_COMMENTS = YES;
				CLANG_WARN_EMPTY_BODY = YES;
				CLANG_WARN_ENUM_CONVERSION = YES;
				CLANG_WARN_INFINITE_RECURSION = YES;
				CLANG_WARN_INT_CONVERSION = YES;
				CLANG_WARN_NON_LITERAL_NULL_CONVERSION = YES;
				CLANG_WARN_OBJC_IMPLICIT_RETAIN_SELF = YES;
				CLANG_WARN_OBJC_LITERAL_CONVERSION = YES;
				CLANG_WARN_OBJC_ROOT_CLASS = YES_ERROR;
				CLANG_WARN_QUOTED_INCLUDE_IN_FRAMEWORK_HEADER = YES;
				CLANG_WARN_RANGE_LOOP_ANALYSIS = YES;
				CLANG_WARN_STRICT_PROTOTYPES = YES;
				CLANG_WARN_SUSPICIOUS_MOVE = YES;
				CLANG_WARN_UNGUARDED_AVAILABILITY = YES_AGGRESSIVE;
				CLANG_WARN_UNREACHABLE_CODE = YES;
				CLANG_WARN__DUPLICATE_METHOD_MATCH = YES;
				COPY_PHASE_STRIP = NO;
				DEBUG_INFORMATION_FORMAT = "dwarf-with-dsym";
				ENABLE_NS_ASSERTIONS = NO;
				ENABLE_STRICT_OBJC_MSGSEND = YES;
				ENABLE_USER_SCRIPT_SANDBOXING = YES;
				GCC_C_LANGUAGE_STANDARD = gnu17;
				GCC_NO_COMMON_BLOCKS = YES;
				GCC_WARN_64_TO_32_BIT_CONVERSION = YES;
				GCC_WARN_ABOUT_RETURN_TYPE = YES_ERROR;
				GCC_WARN_UNDECLARED_SELECTOR = YES;
				GCC_WARN_UNINITIALIZED_AUTOS = YES_AGGRESSIVE;
				GCC_WARN_UNUSED_FUNCTION = YES;
				GCC_WARN_UNUSED_VARIABLE = YES;
				IPHONEOS_DEPLOYMENT_TARGET = 18.4;
				LOCALIZATION_PREFERS_STRING_CATALOGS = YES;
				MTL_ENABLE_DEBUG_INFO = NO;
				MTL_FAST_MATH = YES;
				SDKROOT = iphoneos;
				SWIFT_COMPILATION_MODE = wholemodule;
				VALIDATE_PRODUCT = YES;
			};
			name = Release;
		};
		E99712EB2DD46B730042E422 /* Debug */ = {
			isa = XCBuildConfiguration;
			buildSettings = {
				ASSETCATALOG_COMPILER_APPICON_NAME = AppIcon;
				ASSETCATALOG_COMPILER_GLOBAL_ACCENT_COLOR_NAME = AccentColor;
				CODE_SIGN_STYLE = Automatic;
				CURRENT_PROJECT_VERSION = 1;
				ENABLE_PREVIEWS = YES;
				GENERATE_INFOPLIST_FILE = YES;
				INFOPLIST_KEY_UIApplicationSceneManifest_Generation = YES;
				INFOPLIST_KEY_UIApplicationSupportsIndirectInputEvents = YES;
				INFOPLIST_KEY_UILaunchScreen_Generation = YES;
				INFOPLIST_KEY_UISupportedInterfaceOrientations_iPad = "UIInterfaceOrientationPortrait UIInterfaceOrientationPortraitUpsideDown UIInterfaceOrientationLandscapeLeft UIInterfaceOrientationLandscapeRight";
				INFOPLIST_KEY_UISupportedInterfaceOrientations_iPhone = "UIInterfaceOrientationPortrait UIInterfaceOrientationLandscapeLeft UIInterfaceOrientationLandscapeRight";
				LD_RUNPATH_SEARCH_PATHS = (
					"$(inherited)",
					"@executable_path/Frameworks",
				);
				MARKETING_VERSION = 1.0;
				PRODUCT_BUNDLE_IDENTIFIER = com.codewithshiv.AccessibilitySandbox;
				PRODUCT_NAME = "$(TARGET_NAME)";
				SWIFT_EMIT_LOC_STRINGS = YES;
				SWIFT_VERSION = 5.0;
				TARGETED_DEVICE_FAMILY = "1,2";
			};
			name = Debug;
		};
		E99712EC2DD46B730042E422 /* Release */ = {
			isa = XCBuildConfiguration;
			buildSettings = {
				ASSETCATALOG_COMPILER_APPICON_NAME = AppIcon;
				ASSETCATALOG_COMPILER_GLOBAL_ACCENT_COLOR_NAME = AccentColor;
				CODE_SIGN_STYLE = Automatic;
				CURRENT_PROJECT_VERSION = 1;
				ENABLE_PREVIEWS = YES;
				GENERATE_INFOPLIST_FILE = YES;
				INFOPLIST_KEY_UIApplicationSceneManifest_Generation = YES;
				INFOPLIST_KEY_UIApplicationSupportsIndirectInputEvents = YES;
				INFOPLIST_KEY_UILaunchScreen_Generation = YES;
				INFOPLIST_KEY_UISupportedInterfaceOrientations_iPad = "UIInterfaceOrientationPortrait UIInterfaceOrientationPortraitUpsideDown UIInterfaceOrientationLandscapeLeft UIInterfaceOrientationLandscapeRight";
				INFOPLIST_KEY_UISupportedInterfaceOrientations_iPhone = "UIInterfaceOrientationPortrait UIInterfaceOrientationLandscapeLeft UIInterfaceOrientationLandscapeRight";
				LD_RUNPATH_SEARCH_PATHS = (
					"$(inherited)",
					"@executable_path/Frameworks",
				);
				MARKETING_VERSION = 1.0;
				PRODUCT_BUNDLE_IDENTIFIER = com.codewithshiv.AccessibilitySandbox;
				PRODUCT_NAME = "$(TARGET_NAME)";
				SWIFT_EMIT_LOC_STRINGS = YES;
				SWIFT_VERSION = 5.0;
				TARGETED_DEVICE_FAMILY = "1,2";
			};
			name = Release;
		};
		E99712EE2DD46B730042E422 /* Debug */ = {
			isa = XCBuildConfiguration;
			buildSettings = {
				BUNDLE_LOADER = "$(TEST_HOST)";
				CODE_SIGN_STYLE = Automatic;
				CURRENT_PROJECT_VERSION = 1;
				GENERATE_INFOPLIST_FILE = YES;
				IPHONEOS_DEPLOYMENT_TARGET = 18.4;
				MARKETING_VERSION = 1.0;
				PRODUCT_BUNDLE_IDENTIFIER = com.codewithshiv.AccessibilitySandboxTests;
				PRODUCT_NAME = "$(TARGET_NAME)";
				SWIFT_EMIT_LOC_STRINGS = NO;
				SWIFT_VERSION = 5.0;
				TARGETED_DEVICE_FAMILY = "1,2";
				TEST_HOST = "$(BUILT_PRODUCTS_DIR)/AccessibilitySandbox.app/$(BUNDLE_EXECUTABLE_FOLDER_PATH)/AccessibilitySandbox";
			};
			name = Debug;
		};
		E99712EF2DD46B730042E422 /* Release */ = {
			isa = XCBuildConfiguration;
			buildSettings = {
				BUNDLE_LOADER = "$(TEST_HOST)";
				CODE_SIGN_STYLE = Automatic;
				CURRENT_PROJECT_VERSION = 1;
				GENERATE_INFOPLIST_FILE = YES;
				IPHONEOS_DEPLOYMENT_TARGET = 18.4;
				MARKETING_VERSION = 1.0;
				PRODUCT_BUNDLE_IDENTIFIER = com.codewithshiv.AccessibilitySandboxTests;
				PRODUCT_NAME = "$(TARGET_NAME)";
				SWIFT_EMIT_LOC_STRINGS = NO;
				SWIFT_VERSION = 5.0;
				TARGETED_DEVICE_FAMILY = "1,2";
				TEST_HOST = "$(BUILT_PRODUCTS_DIR)/AccessibilitySandbox.app/$(BUNDLE_EXECUTABLE_FOLDER_PATH)/AccessibilitySandbox";
			};
			name = Release;
		};
		E99712F12DD46B730042E422 /* Debug */ = {
			isa = XCBuildConfiguration;
			buildSettings = {
				CODE_SIGN_STYLE = Automatic;
				CURRENT_PROJECT_VERSION = 1;
				GENERATE_INFOPLIST_FILE = YES;
				MARKETING_VERSION = 1.0;
				PRODUCT_BUNDLE_IDENTIFIER = com.codewithshiv.AccessibilitySandboxUITests;
				PRODUCT_NAME = "$(TARGET_NAME)";
				SWIFT_EMIT_LOC_STRINGS = NO;
				SWIFT_VERSION = 5.0;
				TARGETED_DEVICE_FAMILY = "1,2";
				TEST_TARGET_NAME = AccessibilitySandbox;
			};
			name = Debug;
		};
		E99712F22DD46B730042E422 /* Release */ = {
			isa = XCBuildConfiguration;
			buildSettings = {
				CODE_SIGN_STYLE = Automatic;
				CURRENT_PROJECT_VERSION = 1;
				GENERATE_INFOPLIST_FILE = YES;
				MARKETING_VERSION = 1.0;
				PRODUCT_BUNDLE_IDENTIFIER = com.codewithshiv.AccessibilitySandboxUITests;
				PRODUCT_NAME = "$(TARGET_NAME)";
				SWIFT_EMIT_LOC_STRINGS = NO;
				SWIFT_VERSION = 5.0;
				TARGETED_DEVICE_FAMILY = "1,2";
				TEST_TARGET_NAME = AccessibilitySandbox;
			};
			name = Release;
		};
/* End XCBuildConfiguration section */

/* Begin XCConfigurationList section */
		E99712C42DD46B710042E422 /* Build configuration list for PBXProject "AccessibilitySandbox" */ = {
			isa = XCConfigurationList;
			buildConfigurations = (
				E99712E82DD46B730042E422 /* Debug */,
				E99712E92DD46B730042E422 /* Release */,
			);
			defaultConfigurationIsVisible = 0;
			defaultConfigurationName = Release;
		};
		E99712EA2DD46B730042E422 /* Build configuration list for PBXNativeTarget "AccessibilitySandbox" */ = {
			isa = XCConfigurationList;
			buildConfigurations = (
				E99712EB2DD46B730042E422 /* Debug */,
				E99712EC2DD46B730042E422 /* Release */,
			);
			defaultConfigurationIsVisible = 0;
			defaultConfigurationName = Release;
		};
		E99712ED2DD46B730042E422 /* Build configuration list for PBXNativeTarget "AccessibilitySandboxTests" */ = {
			isa = XCConfigurationList;
			buildConfigurations = (
				E99712EE2DD46B730042E422 /* Debug */,
				E99712EF2DD46B730042E422 /* Release */,
			);
			defaultConfigurationIsVisible = 0;
			defaultConfigurationName = Release;
		};
		E99712F02DD46B730042E422 /* Build configuration list for PBXNativeTarget "AccessibilitySandboxUITests" */ = {
			isa = XCConfigurationList;
			buildConfigurations = (
				E99712F12DD46B730042E422 /* Debug */,
				E99712F22DD46B730042E422 /* Release */,
			);
			defaultConfigurationIsVisible = 0;
			defaultConfigurationName = Release;
		};
/* End XCConfigurationList section */
	};
	rootObject = E99712C12DD46B710042E422 /* Project object */;
}
