// !$*UTF8*$!
{
	archiveVersion = 1;
	classes = {
	};
	objectVersion = 77;
	objects = {

/* Begin PBXContainerItemProxy section */
		E94251832DB27DBF000D397F /* PBXContainerItemProxy */ = {
			isa = PBXContainerItemProxy;
			containerPortal = E942516D2DB27DBE000D397F /* Project object */;
			proxyType = 1;
			remoteGlobalIDString = E94251742DB27DBE000D397F;
			remoteInfo = HabitTrackingApp;
		};
		E942518D2DB27DBF000D397F /* PBXContainerItemProxy */ = {
			isa = PBXContainerItemProxy;
			containerPortal = E942516D2DB27DBE000D397F /* Project object */;
			proxyType = 1;
			remoteGlobalIDString = E94251742DB27DBE000D397F;
			remoteInfo = HabitTrackingApp;
		};
/* End PBXContainerItemProxy section */

/* Begin PBXFileReference section */
		E94251752DB27DBE000D397F /* HabitTrackingApp.app */ = {isa = PBXFileReference; explicitFileType = wrapper.application; includeInIndex = 0; path = HabitTrackingApp.app; sourceTree = BUILT_PRODUCTS_DIR; };
		E94251822DB27DBF000D397F /* HabitTrackingAppTests.xctest */ = {isa = PBXFileReference; explicitFileType = wrapper.cfbundle; includeInIndex = 0; path = HabitTrackingAppTests.xctest; sourceTree = BUILT_PRODUCTS_DIR; };
		E942518C2DB27DBF000D397F /* HabitTrackingAppUITests.xctest */ = {isa = PBXFileReference; explicitFileType = wrapper.cfbundle; includeInIndex = 0; path = HabitTrackingAppUITests.xctest; sourceTree = BUILT_PRODUCTS_DIR; };
/* End PBXFileReference section */

/* Begin PBXFileSystemSynchronizedRootGroup section */
		E94251772DB27DBE000D397F /* HabitTrackingApp */ = {
			isa = PBXFileSystemSynchronizedRootGroup;
			path = HabitTrackingApp;
			sourceTree = "<group>";
		};
		E94251852DB27DBF000D397F /* HabitTrackingAppTests */ = {
			isa = PBXFileSystemSynchronizedRootGroup;
			path = HabitTrackingAppTests;
			sourceTree = "<group>";
		};
		E942518F2DB27DBF000D397F /* HabitTrackingAppUITests */ = {
			isa = PBXFileSystemSynchronizedRootGroup;
			path = HabitTrackingAppUITests;
			sourceTree = "<group>";
		};
/* End PBXFileSystemSynchronizedRootGroup section */

/* Begin PBXFrameworksBuildPhase section */
		E94251722DB27DBE000D397F /* Frameworks */ = {
			isa = PBXFrameworksBuildPhase;
			buildActionMask = 2147483647;
			files = (
			);
			runOnlyForDeploymentPostprocessing = 0;
		};
		E942517F2DB27DBF000D397F /* Frameworks */ = {
			isa = PBXFrameworksBuildPhase;
			buildActionMask = 2147483647;
			files = (
			);
			runOnlyForDeploymentPostprocessing = 0;
		};
		E94251892DB27DBF000D397F /* Frameworks */ = {
			isa = PBXFrameworksBuildPhase;
			buildActionMask = 2147483647;
			files = (
			);
			runOnlyForDeploymentPostprocessing = 0;
		};
/* End PBXFrameworksBuildPhase section */

/* Begin PBXGroup section */
		E942516C2DB27DBE000D397F = {
			isa = PBXGroup;
			children = (
				E94251772DB27DBE000D397F /* HabitTrackingApp */,
				E94251852DB27DBF000D397F /* HabitTrackingAppTests */,
				E942518F2DB27DBF000D397F /* HabitTrackingAppUITests */,
				E94251762DB27DBE000D397F /* Products */,
			);
			sourceTree = "<group>";
		};
		E94251762DB27DBE000D397F /* Products */ = {
			isa = PBXGroup;
			children = (
				E94251752DB27DBE000D397F /* HabitTrackingApp.app */,
				E94251822DB27DBF000D397F /* HabitTrackingAppTests.xctest */,
				E942518C2DB27DBF000D397F /* HabitTrackingAppUITests.xctest */,
			);
			name = Products;
			sourceTree = "<group>";
		};
/* End PBXGroup section */

/* Begin PBXNativeTarget section */
		E94251742DB27DBE000D397F /* HabitTrackingApp */ = {
			isa = PBXNativeTarget;
			buildConfigurationList = E94251962DB27DBF000D397F /* Build configuration list for PBXNativeTarget "HabitTrackingApp" */;
			buildPhases = (
				E94251712DB27DBE000D397F /* Sources */,
				E94251722DB27DBE000D397F /* Frameworks */,
				E94251732DB27DBE000D397F /* Resources */,
			);
			buildRules = (
			);
			dependencies = (
			);
			fileSystemSynchronizedGroups = (
				E94251772DB27DBE000D397F /* HabitTrackingApp */,
			);
			name = HabitTrackingApp;
			packageProductDependencies = (
			);
			productName = HabitTrackingApp;
			productReference = E94251752DB27DBE000D397F /* HabitTrackingApp.app */;
			productType = "com.apple.product-type.application";
		};
		E94251812DB27DBF000D397F /* HabitTrackingAppTests */ = {
			isa = PBXNativeTarget;
			buildConfigurationList = E94251992DB27DBF000D397F /* Build configuration list for PBXNativeTarget "HabitTrackingAppTests" */;
			buildPhases = (
				E942517E2DB27DBF000D397F /* Sources */,
				E942517F2DB27DBF000D397F /* Frameworks */,
				E94251802DB27DBF000D397F /* Resources */,
			);
			buildRules = (
			);
			dependencies = (
				E94251842DB27DBF000D397F /* PBXTargetDependency */,
			);
			fileSystemSynchronizedGroups = (
				E94251852DB27DBF000D397F /* HabitTrackingAppTests */,
			);
			name = HabitTrackingAppTests;
			packageProductDependencies = (
			);
			productName = HabitTrackingAppTests;
			productReference = E94251822DB27DBF000D397F /* HabitTrackingAppTests.xctest */;
			productType = "com.apple.product-type.bundle.unit-test";
		};
		E942518B2DB27DBF000D397F /* HabitTrackingAppUITests */ = {
			isa = PBXNativeTarget;
			buildConfigurationList = E942519C2DB27DBF000D397F /* Build configuration list for PBXNativeTarget "HabitTrackingAppUITests" */;
			buildPhases = (
				E94251882DB27DBF000D397F /* Sources */,
				E94251892DB27DBF000D397F /* Frameworks */,
				E942518A2DB27DBF000D397F /* Resources */,
			);
			buildRules = (
			);
			dependencies = (
				E942518E2DB27DBF000D397F /* PBXTargetDependency */,
			);
			fileSystemSynchronizedGroups = (
				E942518F2DB27DBF000D397F /* HabitTrackingAppUITests */,
			);
			name = HabitTrackingAppUITests;
			packageProductDependencies = (
			);
			productName = HabitTrackingAppUITests;
			productReference = E942518C2DB27DBF000D397F /* HabitTrackingAppUITests.xctest */;
			productType = "com.apple.product-type.bundle.ui-testing";
		};
/* End PBXNativeTarget section */

/* Begin PBXProject section */
		E942516D2DB27DBE000D397F /* Project object */ = {
			isa = PBXProject;
			attributes = {
				BuildIndependentTargetsInParallel = 1;
				LastSwiftUpdateCheck = 1630;
				LastUpgradeCheck = 1630;
				TargetAttributes = {
					E94251742DB27DBE000D397F = {
						CreatedOnToolsVersion = 16.3;
					};
					E94251812DB27DBF000D397F = {
						CreatedOnToolsVersion = 16.3;
						TestTargetID = E94251742DB27DBE000D397F;
					};
					E942518B2DB27DBF000D397F = {
						CreatedOnToolsVersion = 16.3;
						TestTargetID = E94251742DB27DBE000D397F;
					};
				};
			};
			buildConfigurationList = E94251702DB27DBE000D397F /* Build configuration list for PBXProject "HabitTrackingApp" */;
			developmentRegion = en;
			hasScannedForEncodings = 0;
			knownRegions = (
				en,
				Base,
			);
			mainGroup = E942516C2DB27DBE000D397F;
			minimizedProjectReferenceProxies = 1;
			preferredProjectObjectVersion = 77;
			productRefGroup = E94251762DB27DBE000D397F /* Products */;
			projectDirPath = "";
			projectRoot = "";
			targets = (
				E94251742DB27DBE000D397F /* HabitTrackingApp */,
				E94251812DB27DBF000D397F /* HabitTrackingAppTests */,
				E942518B2DB27DBF000D397F /* HabitTrackingAppUITests */,
			);
		};
/* End PBXProject section */

/* Begin PBXResourcesBuildPhase section */
		E94251732DB27DBE000D397F /* Resources */ = {
			isa = PBXResourcesBuildPhase;
			buildActionMask = 2147483647;
			files = (
			);
			runOnlyForDeploymentPostprocessing = 0;
		};
		E94251802DB27DBF000D397F /* Resources */ = {
			isa = PBXResourcesBuildPhase;
			buildActionMask = 2147483647;
			files = (
			);
			runOnlyForDeploymentPostprocessing = 0;
		};
		E942518A2DB27DBF000D397F /* Resources */ = {
			isa = PBXResourcesBuildPhase;
			buildActionMask = 2147483647;
			files = (
			);
			runOnlyForDeploymentPostprocessing = 0;
		};
/* End PBXResourcesBuildPhase section */

/* Begin PBXSourcesBuildPhase section */
		E94251712DB27DBE000D397F /* Sources */ = {
			isa = PBXSourcesBuildPhase;
			buildActionMask = 2147483647;
			files = (
			);
			runOnlyForDeploymentPostprocessing = 0;
		};
		E942517E2DB27DBF000D397F /* Sources */ = {
			isa = PBXSourcesBuildPhase;
			buildActionMask = 2147483647;
			files = (
			);
			runOnlyForDeploymentPostprocessing = 0;
		};
		E94251882DB27DBF000D397F /* Sources */ = {
			isa = PBXSourcesBuildPhase;
			buildActionMask = 2147483647;
			files = (
			);
			runOnlyForDeploymentPostprocessing = 0;
		};
/* End PBXSourcesBuildPhase section */

/* Begin PBXTargetDependency section */
		E94251842DB27DBF000D397F /* PBXTargetDependency */ = {
			isa = PBXTargetDependency;
			target = E94251742DB27DBE000D397F /* HabitTrackingApp */;
			targetProxy = E94251832DB27DBF000D397F /* PBXContainerItemProxy */;
		};
		E942518E2DB27DBF000D397F /* PBXTargetDependency */ = {
			isa = PBXTargetDependency;
			target = E94251742DB27DBE000D397F /* HabitTrackingApp */;
			targetProxy = E942518D2DB27DBF000D397F /* PBXContainerItemProxy */;
		};
/* End PBXTargetDependency section */

/* Begin XCBuildConfiguration section */
		E94251942DB27DBF000D397F /* Debug */ = {
			isa = XCBuildConfiguration;
			buildSettings = {
				ALWAYS_SEARCH_USER_PATHS = NO;
				ASSETCATALOG_COMPILER_GENERATE_SWIFT_ASSET_SYMBOL_EXTENSIONS = YES;
				CLANG_ANALYZER_NONNULL = YES;
				CLANG_ANALYZER_NUMBER_OBJECT_CONVERSION = YES_AGGRESSIVE;
				CLANG_CXX_LANGUAGE_STANDARD = "gnu++20";
				CLANG_ENABLE_MODULES = YES;
				CLANG_ENABLE_OBJC_ARC = YES;
				CLANG_ENABLE_OBJC_WEAK = YES;
				CLANG_WARN_BLOCK_CAPTURE_AUTORELEASING = YES;
				CLANG_WARN_BOOL_CONVERSION = YES;
				CLANG_WARN_COMMA = YES;
				CLANG_WARN_CONSTANT_CONVERSION = YES;
				CLANG_WARN_DEPRECATED_OBJC_IMPLEMENTATIONS = YES;
				CLANG_WARN_DIRECT_OBJC_ISA_USAGE = YES_ERROR;
				CLANG_WARN_DOCUMENTATION_COMMENTS = YES;
				CLANG_WARN_EMPTY_BODY = YES;
				CLANG_WARN_ENUM_CONVERSION = YES;
				CLANG_WARN_INFINITE_RECURSION = YES;
				CLANG_WARN_INT_CONVERSION = YES;
				CLANG_WARN_NON_LITERAL_NULL_CONVERSION = YES;
				CLANG_WARN_OBJC_IMPLICIT_RETAIN_SELF = YES;
				CLANG_WARN_OBJC_LITERAL_CONVERSION = YES;
				CLANG_WARN_OBJC_ROOT_CLASS = YES_ERROR;
				CLANG_WARN_QUOTED_INCLUDE_IN_FRAMEWORK_HEADER = YES;
				CLANG_WARN_RANGE_LOOP_ANALYSIS = YES;
				CLANG_WARN_STRICT_PROTOTYPES = YES;
				CLANG_WARN_SUSPICIOUS_MOVE = YES;
				CLANG_WARN_UNGUARDED_AVAILABILITY = YES_AGGRESSIVE;
				CLANG_WARN_UNREACHABLE_CODE = YES;
				CLANG_WARN__DUPLICATE_METHOD_MATCH = YES;
				COPY_PHASE_STRIP = NO;
				DEBUG_INFORMATION_FORMAT = dwarf;
				ENABLE_STRICT_OBJC_MSGSEND = YES;
				ENABLE_TESTABILITY = YES;
				ENABLE_USER_SCRIPT_SANDBOXING = YES;
				GCC_C_LANGUAGE_STANDARD = gnu17;
				GCC_DYNAMIC_NO_PIC = NO;
				GCC_NO_COMMON_BLOCKS = YES;
				GCC_OPTIMIZATION_LEVEL = 0;
				GCC_PREPROCESSOR_DEFINITIONS = (
					"DEBUG=1",
					"$(inherited)",
				);
				GCC_WARN_64_TO_32_BIT_CONVERSION = YES;
				GCC_WARN_ABOUT_RETURN_TYPE = YES_ERROR;
				GCC_WARN_UNDECLARED_SELECTOR = YES;
				GCC_WARN_UNINITIALIZED_AUTOS = YES_AGGRESSIVE;
				GCC_WARN_UNUSED_FUNCTION = YES;
				GCC_WARN_UNUSED_VARIABLE = YES;
				IPHONEOS_DEPLOYMENT_TARGET = 18.4;
				LOCALIZATION_PREFERS_STRING_CATALOGS = YES;
				MTL_ENABLE_DEBUG_INFO = INCLUDE_SOURCE;
				MTL_FAST_MATH = YES;
				ONLY_ACTIVE_ARCH = YES;
				SDKROOT = iphoneos;
				SWIFT_ACTIVE_COMPILATION_CONDITIONS = "DEBUG $(inherited)";
				SWIFT_OPTIMIZATION_LEVEL = "-Onone";
			};
			name = Debug;
		};
		E94251952DB27DBF000D397F /* Release */ = {
			isa = XCBuildConfiguration;
			buildSettings = {
				ALWAYS_SEARCH_USER_PATHS = NO;
				ASSETCATALOG_COMPILER_GENERATE_SWIFT_ASSET_SYMBOL_EXTENSIONS = YES;
				CLANG_ANALYZER_NONNULL = YES;
				CLANG_ANALYZER_NUMBER_OBJECT_CONVERSION = YES_AGGRESSIVE;
				CLANG_CXX_LANGUAGE_STANDARD = "gnu++20";
				CLANG_ENABLE_MODULES = YES;
				CLANG_ENABLE_OBJC_ARC = YES;
				CLANG_ENABLE_OBJC_WEAK = YES;
				CLANG_WARN_BLOCK_CAPTURE_AUTORELEASING = YES;
				CLANG_WARN_BOOL_CONVERSION = YES;
				CLANG_WARN_COMMA = YES;
				CLANG_WARN_CONSTANT_CONVERSION = YES;
				CLANG_WARN_DEPRECATED_OBJC_IMPLEMENTATIONS = YES;
				CLANG_WARN_DIRECT_OBJC_ISA_USAGE = YES_ERROR;
				CLANG_WARN_DOCUMENTATION_COMMENTS = YES;
				CLANG_WARN_EMPTY_BODY = YES;
				CLANG_WARN_ENUM_CONVERSION = YES;
				CLANG_WARN_INFINITE_RECURSION = YES;
				CLANG_WARN_INT_CONVERSION = YES;
				CLANG_WARN_NON_LITERAL_NULL_CONVERSION = YES;
				CLANG_WARN_OBJC_IMPLICIT_RETAIN_SELF = YES;
				CLANG_WARN_OBJC_LITERAL_CONVERSION = YES;
				CLANG_WARN_OBJC_ROOT_CLASS = YES_ERROR;
				CLANG_WARN_QUOTED_INCLUDE_IN_FRAMEWORK_HEADER = YES;
				CLANG_WARN_RANGE_LOOP_ANALYSIS = YES;
				CLANG_WARN_STRICT_PROTOTYPES = YES;
				CLANG_WARN_SUSPICIOUS_MOVE = YES;
				CLANG_WARN_UNGUARDED_AVAILABILITY = YES_AGGRESSIVE;
				CLANG_WARN_UNREACHABLE_CODE = YES;
				CLANG_WARN__DUPLICATE_METHOD_MATCH = YES;
				COPY_PHASE_STRIP = NO;
				DEBUG_INFORMATION_FORMAT = "dwarf-with-dsym";
				ENABLE_NS_ASSERTIONS = NO;
				ENABLE_STRICT_OBJC_MSGSEND = YES;
				ENABLE_USER_SCRIPT_SANDBOXING = YES;
				GCC_C_LANGUAGE_STANDARD = gnu17;
				GCC_NO_COMMON_BLOCKS = YES;
				GCC_WARN_64_TO_32_BIT_CONVERSION = YES;
				GCC_WARN_ABOUT_RETURN_TYPE = YES_ERROR;
				GCC_WARN_UNDECLARED_SELECTOR = YES;
				GCC_WARN_UNINITIALIZED_AUTOS = YES_AGGRESSIVE;
				GCC_WARN_UNUSED_FUNCTION = YES;
				GCC_WARN_UNUSED_VARIABLE = YES;
				IPHONEOS_DEPLOYMENT_TARGET = 18.4;
				LOCALIZATION_PREFERS_STRING_CATALOGS = YES;
				MTL_ENABLE_DEBUG_INFO = NO;
				MTL_FAST_MATH = YES;
				SDKROOT = iphoneos;
				SWIFT_COMPILATION_MODE = wholemodule;
				VALIDATE_PRODUCT = YES;
			};
			name = Release;
		};
		E94251972DB27DBF000D397F /* Debug */ = {
			isa = XCBuildConfiguration;
			buildSettings = {
				ASSETCATALOG_COMPILER_APPICON_NAME = AppIcon;
				ASSETCATALOG_COMPILER_GLOBAL_ACCENT_COLOR_NAME = AccentColor;
				CODE_SIGN_STYLE = Automatic;
				CURRENT_PROJECT_VERSION = 1;
				ENABLE_PREVIEWS = YES;
				GENERATE_INFOPLIST_FILE = YES;
				INFOPLIST_KEY_UIApplicationSceneManifest_Generation = YES;
				INFOPLIST_KEY_UIApplicationSupportsIndirectInputEvents = YES;
				INFOPLIST_KEY_UILaunchScreen_Generation = YES;
				INFOPLIST_KEY_UISupportedInterfaceOrientations_iPad = "UIInterfaceOrientationPortrait UIInterfaceOrientationPortraitUpsideDown UIInterfaceOrientationLandscapeLeft UIInterfaceOrientationLandscapeRight";
				INFOPLIST_KEY_UISupportedInterfaceOrientations_iPhone = "UIInterfaceOrientationPortrait UIInterfaceOrientationLandscapeLeft UIInterfaceOrientationLandscapeRight";
				LD_RUNPATH_SEARCH_PATHS = (
					"$(inherited)",
					"@executable_path/Frameworks",
				);
				MARKETING_VERSION = 1.0;
				PRODUCT_BUNDLE_IDENTIFIER = com.codewithshiv.HabitTrackingApp;
				PRODUCT_NAME = "$(TARGET_NAME)";
				SWIFT_EMIT_LOC_STRINGS = YES;
				SWIFT_VERSION = 5.0;
				TARGETED_DEVICE_FAMILY = "1,2";
			};
			name = Debug;
		};
		E94251982DB27DBF000D397F /* Release */ = {
			isa = XCBuildConfiguration;
			buildSettings = {
				ASSETCATALOG_COMPILER_APPICON_NAME = AppIcon;
				ASSETCATALOG_COMPILER_GLOBAL_ACCENT_COLOR_NAME = AccentColor;
				CODE_SIGN_STYLE = Automatic;
				CURRENT_PROJECT_VERSION = 1;
				ENABLE_PREVIEWS = YES;
				GENERATE_INFOPLIST_FILE = YES;
				INFOPLIST_KEY_UIApplicationSceneManifest_Generation = YES;
				INFOPLIST_KEY_UIApplicationSupportsIndirectInputEvents = YES;
				INFOPLIST_KEY_UILaunchScreen_Generation = YES;
				INFOPLIST_KEY_UISupportedInterfaceOrientations_iPad = "UIInterfaceOrientationPortrait UIInterfaceOrientationPortraitUpsideDown UIInterfaceOrientationLandscapeLeft UIInterfaceOrientationLandscapeRight";
				INFOPLIST_KEY_UISupportedInterfaceOrientations_iPhone = "UIInterfaceOrientationPortrait UIInterfaceOrientationLandscapeLeft UIInterfaceOrientationLandscapeRight";
				LD_RUNPATH_SEARCH_PATHS = (
					"$(inherited)",
					"@executable_path/Frameworks",
				);
				MARKETING_VERSION = 1.0;
				PRODUCT_BUNDLE_IDENTIFIER = com.codewithshiv.HabitTrackingApp;
				PRODUCT_NAME = "$(TARGET_NAME)";
				SWIFT_EMIT_LOC_STRINGS = YES;
				SWIFT_VERSION = 5.0;
				TARGETED_DEVICE_FAMILY = "1,2";
			};
			name = Release;
		};
		E942519A2DB27DBF000D397F /* Debug */ = {
			isa = XCBuildConfiguration;
			buildSettings = {
				BUNDLE_LOADER = "$(TEST_HOST)";
				CODE_SIGN_STYLE = Automatic;
				CURRENT_PROJECT_VERSION = 1;
				GENERATE_INFOPLIST_FILE = YES;
				IPHONEOS_DEPLOYMENT_TARGET = 18.4;
				MARKETING_VERSION = 1.0;
				PRODUCT_BUNDLE_IDENTIFIER = com.codewithshiv.HabitTrackingAppTests;
				PRODUCT_NAME = "$(TARGET_NAME)";
				SWIFT_EMIT_LOC_STRINGS = NO;
				SWIFT_VERSION = 5.0;
				TARGETED_DEVICE_FAMILY = "1,2";
				TEST_HOST = "$(BUILT_PRODUCTS_DIR)/HabitTrackingApp.app/$(BUNDLE_EXECUTABLE_FOLDER_PATH)/HabitTrackingApp";
			};
			name = Debug;
		};
		E942519B2DB27DBF000D397F /* Release */ = {
			isa = XCBuildConfiguration;
			buildSettings = {
				BUNDLE_LOADER = "$(TEST_HOST)";
				CODE_SIGN_STYLE = Automatic;
				CURRENT_PROJECT_VERSION = 1;
				GENERATE_INFOPLIST_FILE = YES;
				IPHONEOS_DEPLOYMENT_TARGET = 18.4;
				MARKETING_VERSION = 1.0;
				PRODUCT_BUNDLE_IDENTIFIER = com.codewithshiv.HabitTrackingAppTests;
				PRODUCT_NAME = "$(TARGET_NAME)";
				SWIFT_EMIT_LOC_STRINGS = NO;
				SWIFT_VERSION = 5.0;
				TARGETED_DEVICE_FAMILY = "1,2";
				TEST_HOST = "$(BUILT_PRODUCTS_DIR)/HabitTrackingApp.app/$(BUNDLE_EXECUTABLE_FOLDER_PATH)/HabitTrackingApp";
			};
			name = Release;
		};
		E942519D2DB27DBF000D397F /* Debug */ = {
			isa = XCBuildConfiguration;
			buildSettings = {
				CODE_SIGN_STYLE = Automatic;
				CURRENT_PROJECT_VERSION = 1;
				GENERATE_INFOPLIST_FILE = YES;
				MARKETING_VERSION = 1.0;
				PRODUCT_BUNDLE_IDENTIFIER = com.codewithshiv.HabitTrackingAppUITests;
				PRODUCT_NAME = "$(TARGET_NAME)";
				SWIFT_EMIT_LOC_STRINGS = NO;
				SWIFT_VERSION = 5.0;
				TARGETED_DEVICE_FAMILY = "1,2";
				TEST_TARGET_NAME = HabitTrackingApp;
			};
			name = Debug;
		};
		E942519E2DB27DBF000D397F /* Release */ = {
			isa = XCBuildConfiguration;
			buildSettings = {
				CODE_SIGN_STYLE = Automatic;
				CURRENT_PROJECT_VERSION = 1;
				GENERATE_INFOPLIST_FILE = YES;
				MARKETING_VERSION = 1.0;
				PRODUCT_BUNDLE_IDENTIFIER = com.codewithshiv.HabitTrackingAppUITests;
				PRODUCT_NAME = "$(TARGET_NAME)";
				SWIFT_EMIT_LOC_STRINGS = NO;
				SWIFT_VERSION = 5.0;
				TARGETED_DEVICE_FAMILY = "1,2";
				TEST_TARGET_NAME = HabitTrackingApp;
			};
			name = Release;
		};
/* End XCBuildConfiguration section */

/* Begin XCConfigurationList section */
		E94251702DB27DBE000D397F /* Build configuration list for PBXProject "HabitTrackingApp" */ = {
			isa = XCConfigurationList;
			buildConfigurations = (
				E94251942DB27DBF000D397F /* Debug */,
				E94251952DB27DBF000D397F /* Release */,
			);
			defaultConfigurationIsVisible = 0;
			defaultConfigurationName = Release;
		};
		E94251962DB27DBF000D397F /* Build configuration list for PBXNativeTarget "HabitTrackingApp" */ = {
			isa = XCConfigurationList;
			buildConfigurations = (
				E94251972DB27DBF000D397F /* Debug */,
				E94251982DB27DBF000D397F /* Release */,
			);
			defaultConfigurationIsVisible = 0;
			defaultConfigurationName = Release;
		};
		E94251992DB27DBF000D397F /* Build configuration list for PBXNativeTarget "HabitTrackingAppTests" */ = {
			isa = XCConfigurationList;
			buildConfigurations = (
				E942519A2DB27DBF000D397F /* Debug */,
				E942519B2DB27DBF000D397F /* Release */,
			);
			defaultConfigurationIsVisible = 0;
			defaultConfigurationName = Release;
		};
		E942519C2DB27DBF000D397F /* Build configuration list for PBXNativeTarget "HabitTrackingAppUITests" */ = {
			isa = XCConfigurationList;
			buildConfigurations = (
				E942519D2DB27DBF000D397F /* Debug */,
				E942519E2DB27DBF000D397F /* Release */,
			);
			defaultConfigurationIsVisible = 0;
			defaultConfigurationName = Release;
		};
/* End XCConfigurationList section */
	};
	rootObject = E942516D2DB27DBE000D397F /* Project object */;
}
