// !$*UTF8*$!
{
	archiveVersion = 1;
	classes = {
	};
	objectVersion = 77;
	objects = {

/* Begin PBXContainerItemProxy section */
		E941AF122DA2618A00948043 /* PBXContainerItemProxy */ = {
			isa = PBXContainerItemProxy;
			containerPortal = E941AEFC2DA2618900948043 /* Project object */;
			proxyType = 1;
			remoteGlobalIDString = E941AF032DA2618900948043;
			remoteInfo = iExpenseApp;
		};
		E941AF1C2DA2618A00948043 /* PBXContainerItemProxy */ = {
			isa = PBXContainerItemProxy;
			containerPortal = E941AEFC2DA2618900948043 /* Project object */;
			proxyType = 1;
			remoteGlobalIDString = E941AF032DA2618900948043;
			remoteInfo = iExpenseApp;
		};
/* End PBXContainerItemProxy section */

/* Begin PBXFileReference section */
		E941AF042DA2618900948043 /* iExpenseApp.app */ = {isa = PBXFileReference; explicitFileType = wrapper.application; includeInIndex = 0; path = iExpenseApp.app; sourceTree = BUILT_PRODUCTS_DIR; };
		E941AF112DA2618A00948043 /* iExpenseAppTests.xctest */ = {isa = PBXFileReference; explicitFileType = wrapper.cfbundle; includeInIndex = 0; path = iExpenseAppTests.xctest; sourceTree = BUILT_PRODUCTS_DIR; };
		E941AF1B2DA2618A00948043 /* iExpenseAppUITests.xctest */ = {isa = PBXFileReference; explicitFileType = wrapper.cfbundle; includeInIndex = 0; path = iExpenseAppUITests.xctest; sourceTree = BUILT_PRODUCTS_DIR; };
/* End PBXFileReference section */

/* Begin PBXFileSystemSynchronizedRootGroup section */
		E941AF062DA2618900948043 /* iExpenseApp */ = {
			isa = PBXFileSystemSynchronizedRootGroup;
			path = iExpenseApp;
			sourceTree = "<group>";
		};
		E941AF142DA2618A00948043 /* iExpenseAppTests */ = {
			isa = PBXFileSystemSynchronizedRootGroup;
			path = iExpenseAppTests;
			sourceTree = "<group>";
		};
		E941AF1E2DA2618A00948043 /* iExpenseAppUITests */ = {
			isa = PBXFileSystemSynchronizedRootGroup;
			path = iExpenseAppUITests;
			sourceTree = "<group>";
		};
/* End PBXFileSystemSynchronizedRootGroup section */

/* Begin PBXFrameworksBuildPhase section */
		E941AF012DA2618900948043 /* Frameworks */ = {
			isa = PBXFrameworksBuildPhase;
			buildActionMask = 2147483647;
			files = (
			);
			runOnlyForDeploymentPostprocessing = 0;
		};
		E941AF0E2DA2618A00948043 /* Frameworks */ = {
			isa = PBXFrameworksBuildPhase;
			buildActionMask = 2147483647;
			files = (
			);
			runOnlyForDeploymentPostprocessing = 0;
		};
		E941AF182DA2618A00948043 /* Frameworks */ = {
			isa = PBXFrameworksBuildPhase;
			buildActionMask = 2147483647;
			files = (
			);
			runOnlyForDeploymentPostprocessing = 0;
		};
/* End PBXFrameworksBuildPhase section */

/* Begin PBXGroup section */
		E941AEFB2DA2618900948043 = {
			isa = PBXGroup;
			children = (
				E941AF062DA2618900948043 /* iExpenseApp */,
				E941AF142DA2618A00948043 /* iExpenseAppTests */,
				E941AF1E2DA2618A00948043 /* iExpenseAppUITests */,
				E941AF052DA2618900948043 /* Products */,
			);
			sourceTree = "<group>";
		};
		E941AF052DA2618900948043 /* Products */ = {
			isa = PBXGroup;
			children = (
				E941AF042DA2618900948043 /* iExpenseApp.app */,
				E941AF112DA2618A00948043 /* iExpenseAppTests.xctest */,
				E941AF1B2DA2618A00948043 /* iExpenseAppUITests.xctest */,
			);
			name = Products;
			sourceTree = "<group>";
		};
/* End PBXGroup section */

/* Begin PBXNativeTarget section */
		E941AF032DA2618900948043 /* iExpenseApp */ = {
			isa = PBXNativeTarget;
			buildConfigurationList = E941AF252DA2618A00948043 /* Build configuration list for PBXNativeTarget "iExpenseApp" */;
			buildPhases = (
				E941AF002DA2618900948043 /* Sources */,
				E941AF012DA2618900948043 /* Frameworks */,
				E941AF022DA2618900948043 /* Resources */,
			);
			buildRules = (
			);
			dependencies = (
			);
			fileSystemSynchronizedGroups = (
				E941AF062DA2618900948043 /* iExpenseApp */,
			);
			name = iExpenseApp;
			packageProductDependencies = (
			);
			productName = iExpenseApp;
			productReference = E941AF042DA2618900948043 /* iExpenseApp.app */;
			productType = "com.apple.product-type.application";
		};
		E941AF102DA2618A00948043 /* iExpenseAppTests */ = {
			isa = PBXNativeTarget;
			buildConfigurationList = E941AF282DA2618A00948043 /* Build configuration list for PBXNativeTarget "iExpenseAppTests" */;
			buildPhases = (
				E941AF0D2DA2618A00948043 /* Sources */,
				E941AF0E2DA2618A00948043 /* Frameworks */,
				E941AF0F2DA2618A00948043 /* Resources */,
			);
			buildRules = (
			);
			dependencies = (
				E941AF132DA2618A00948043 /* PBXTargetDependency */,
			);
			fileSystemSynchronizedGroups = (
				E941AF142DA2618A00948043 /* iExpenseAppTests */,
			);
			name = iExpenseAppTests;
			packageProductDependencies = (
			);
			productName = iExpenseAppTests;
			productReference = E941AF112DA2618A00948043 /* iExpenseAppTests.xctest */;
			productType = "com.apple.product-type.bundle.unit-test";
		};
		E941AF1A2DA2618A00948043 /* iExpenseAppUITests */ = {
			isa = PBXNativeTarget;
			buildConfigurationList = E941AF2B2DA2618A00948043 /* Build configuration list for PBXNativeTarget "iExpenseAppUITests" */;
			buildPhases = (
				E941AF172DA2618A00948043 /* Sources */,
				E941AF182DA2618A00948043 /* Frameworks */,
				E941AF192DA2618A00948043 /* Resources */,
			);
			buildRules = (
			);
			dependencies = (
				E941AF1D2DA2618A00948043 /* PBXTargetDependency */,
			);
			fileSystemSynchronizedGroups = (
				E941AF1E2DA2618A00948043 /* iExpenseAppUITests */,
			);
			name = iExpenseAppUITests;
			packageProductDependencies = (
			);
			productName = iExpenseAppUITests;
			productReference = E941AF1B2DA2618A00948043 /* iExpenseAppUITests.xctest */;
			productType = "com.apple.product-type.bundle.ui-testing";
		};
/* End PBXNativeTarget section */

/* Begin PBXProject section */
		E941AEFC2DA2618900948043 /* Project object */ = {
			isa = PBXProject;
			attributes = {
				BuildIndependentTargetsInParallel = 1;
				LastSwiftUpdateCheck = 1630;
				LastUpgradeCheck = 1630;
				TargetAttributes = {
					E941AF032DA2618900948043 = {
						CreatedOnToolsVersion = 16.3;
					};
					E941AF102DA2618A00948043 = {
						CreatedOnToolsVersion = 16.3;
						TestTargetID = E941AF032DA2618900948043;
					};
					E941AF1A2DA2618A00948043 = {
						CreatedOnToolsVersion = 16.3;
						TestTargetID = E941AF032DA2618900948043;
					};
				};
			};
			buildConfigurationList = E941AEFF2DA2618900948043 /* Build configuration list for PBXProject "iExpenseApp" */;
			developmentRegion = en;
			hasScannedForEncodings = 0;
			knownRegions = (
				en,
				Base,
			);
			mainGroup = E941AEFB2DA2618900948043;
			minimizedProjectReferenceProxies = 1;
			preferredProjectObjectVersion = 77;
			productRefGroup = E941AF052DA2618900948043 /* Products */;
			projectDirPath = "";
			projectRoot = "";
			targets = (
				E941AF032DA2618900948043 /* iExpenseApp */,
				E941AF102DA2618A00948043 /* iExpenseAppTests */,
				E941AF1A2DA2618A00948043 /* iExpenseAppUITests */,
			);
		};
/* End PBXProject section */

/* Begin PBXResourcesBuildPhase section */
		E941AF022DA2618900948043 /* Resources */ = {
			isa = PBXResourcesBuildPhase;
			buildActionMask = 2147483647;
			files = (
			);
			runOnlyForDeploymentPostprocessing = 0;
		};
		E941AF0F2DA2618A00948043 /* Resources */ = {
			isa = PBXResourcesBuildPhase;
			buildActionMask = 2147483647;
			files = (
			);
			runOnlyForDeploymentPostprocessing = 0;
		};
		E941AF192DA2618A00948043 /* Resources */ = {
			isa = PBXResourcesBuildPhase;
			buildActionMask = 2147483647;
			files = (
			);
			runOnlyForDeploymentPostprocessing = 0;
		};
/* End PBXResourcesBuildPhase section */

/* Begin PBXSourcesBuildPhase section */
		E941AF002DA2618900948043 /* Sources */ = {
			isa = PBXSourcesBuildPhase;
			buildActionMask = 2147483647;
			files = (
			);
			runOnlyForDeploymentPostprocessing = 0;
		};
		E941AF0D2DA2618A00948043 /* Sources */ = {
			isa = PBXSourcesBuildPhase;
			buildActionMask = 2147483647;
			files = (
			);
			runOnlyForDeploymentPostprocessing = 0;
		};
		E941AF172DA2618A00948043 /* Sources */ = {
			isa = PBXSourcesBuildPhase;
			buildActionMask = 2147483647;
			files = (
			);
			runOnlyForDeploymentPostprocessing = 0;
		};
/* End PBXSourcesBuildPhase section */

/* Begin PBXTargetDependency section */
		E941AF132DA2618A00948043 /* PBXTargetDependency */ = {
			isa = PBXTargetDependency;
			target = E941AF032DA2618900948043 /* iExpenseApp */;
			targetProxy = E941AF122DA2618A00948043 /* PBXContainerItemProxy */;
		};
		E941AF1D2DA2618A00948043 /* PBXTargetDependency */ = {
			isa = PBXTargetDependency;
			target = E941AF032DA2618900948043 /* iExpenseApp */;
			targetProxy = E941AF1C2DA2618A00948043 /* PBXContainerItemProxy */;
		};
/* End PBXTargetDependency section */

/* Begin XCBuildConfiguration section */
		E941AF232DA2618A00948043 /* Debug */ = {
			isa = XCBuildConfiguration;
			buildSettings = {
				ALWAYS_SEARCH_USER_PATHS = NO;
				ASSETCATALOG_COMPILER_GENERATE_SWIFT_ASSET_SYMBOL_EXTENSIONS = YES;
				CLANG_ANALYZER_NONNULL = YES;
				CLANG_ANALYZER_NUMBER_OBJECT_CONVERSION = YES_AGGRESSIVE;
				CLANG_CXX_LANGUAGE_STANDARD = "gnu++20";
				CLANG_ENABLE_MODULES = YES;
				CLANG_ENABLE_OBJC_ARC = YES;
				CLANG_ENABLE_OBJC_WEAK = YES;
				CLANG_WARN_BLOCK_CAPTURE_AUTORELEASING = YES;
				CLANG_WARN_BOOL_CONVERSION = YES;
				CLANG_WARN_COMMA = YES;
				CLANG_WARN_CONSTANT_CONVERSION = YES;
				CLANG_WARN_DEPRECATED_OBJC_IMPLEMENTATIONS = YES;
				CLANG_WARN_DIRECT_OBJC_ISA_USAGE = YES_ERROR;
				CLANG_WARN_DOCUMENTATION_COMMENTS = YES;
				CLANG_WARN_EMPTY_BODY = YES;
				CLANG_WARN_ENUM_CONVERSION = YES;
				CLANG_WARN_INFINITE_RECURSION = YES;
				CLANG_WARN_INT_CONVERSION = YES;
				CLANG_WARN_NON_LITERAL_NULL_CONVERSION = YES;
				CLANG_WARN_OBJC_IMPLICIT_RETAIN_SELF = YES;
				CLANG_WARN_OBJC_LITERAL_CONVERSION = YES;
				CLANG_WARN_OBJC_ROOT_CLASS = YES_ERROR;
				CLANG_WARN_QUOTED_INCLUDE_IN_FRAMEWORK_HEADER = YES;
				CLANG_WARN_RANGE_LOOP_ANALYSIS = YES;
				CLANG_WARN_STRICT_PROTOTYPES = YES;
				CLANG_WARN_SUSPICIOUS_MOVE = YES;
				CLANG_WARN_UNGUARDED_AVAILABILITY = YES_AGGRESSIVE;
				CLANG_WARN_UNREACHABLE_CODE = YES;
				CLANG_WARN__DUPLICATE_METHOD_MATCH = YES;
				COPY_PHASE_STRIP = NO;
				DEBUG_INFORMATION_FORMAT = dwarf;
				ENABLE_STRICT_OBJC_MSGSEND = YES;
				ENABLE_TESTABILITY = YES;
				ENABLE_USER_SCRIPT_SANDBOXING = YES;
				GCC_C_LANGUAGE_STANDARD = gnu17;
				GCC_DYNAMIC_NO_PIC = NO;
				GCC_NO_COMMON_BLOCKS = YES;
				GCC_OPTIMIZATION_LEVEL = 0;
				GCC_PREPROCESSOR_DEFINITIONS = (
					"DEBUG=1",
					"$(inherited)",
				);
				GCC_WARN_64_TO_32_BIT_CONVERSION = YES;
				GCC_WARN_ABOUT_RETURN_TYPE = YES_ERROR;
				GCC_WARN_UNDECLARED_SELECTOR = YES;
				GCC_WARN_UNINITIALIZED_AUTOS = YES_AGGRESSIVE;
				GCC_WARN_UNUSED_FUNCTION = YES;
				GCC_WARN_UNUSED_VARIABLE = YES;
				IPHONEOS_DEPLOYMENT_TARGET = 18.4;
				LOCALIZATION_PREFERS_STRING_CATALOGS = YES;
				MTL_ENABLE_DEBUG_INFO = INCLUDE_SOURCE;
				MTL_FAST_MATH = YES;
				ONLY_ACTIVE_ARCH = YES;
				SDKROOT = iphoneos;
				SWIFT_ACTIVE_COMPILATION_CONDITIONS = "DEBUG $(inherited)";
				SWIFT_OPTIMIZATION_LEVEL = "-Onone";
			};
			name = Debug;
		};
		E941AF242DA2618A00948043 /* Release */ = {
			isa = XCBuildConfiguration;
			buildSettings = {
				ALWAYS_SEARCH_USER_PATHS = NO;
				ASSETCATALOG_COMPILER_GENERATE_SWIFT_ASSET_SYMBOL_EXTENSIONS = YES;
				CLANG_ANALYZER_NONNULL = YES;
				CLANG_ANALYZER_NUMBER_OBJECT_CONVERSION = YES_AGGRESSIVE;
				CLANG_CXX_LANGUAGE_STANDARD = "gnu++20";
				CLANG_ENABLE_MODULES = YES;
				CLANG_ENABLE_OBJC_ARC = YES;
				CLANG_ENABLE_OBJC_WEAK = YES;
				CLANG_WARN_BLOCK_CAPTURE_AUTORELEASING = YES;
				CLANG_WARN_BOOL_CONVERSION = YES;
				CLANG_WARN_COMMA = YES;
				CLANG_WARN_CONSTANT_CONVERSION = YES;
				CLANG_WARN_DEPRECATED_OBJC_IMPLEMENTATIONS = YES;
				CLANG_WARN_DIRECT_OBJC_ISA_USAGE = YES_ERROR;
				CLANG_WARN_DOCUMENTATION_COMMENTS = YES;
				CLANG_WARN_EMPTY_BODY = YES;
				CLANG_WARN_ENUM_CONVERSION = YES;
				CLANG_WARN_INFINITE_RECURSION = YES;
				CLANG_WARN_INT_CONVERSION = YES;
				CLANG_WARN_NON_LITERAL_NULL_CONVERSION = YES;
				CLANG_WARN_OBJC_IMPLICIT_RETAIN_SELF = YES;
				CLANG_WARN_OBJC_LITERAL_CONVERSION = YES;
				CLANG_WARN_OBJC_ROOT_CLASS = YES_ERROR;
				CLANG_WARN_QUOTED_INCLUDE_IN_FRAMEWORK_HEADER = YES;
				CLANG_WARN_RANGE_LOOP_ANALYSIS = YES;
				CLANG_WARN_STRICT_PROTOTYPES = YES;
				CLANG_WARN_SUSPICIOUS_MOVE = YES;
				CLANG_WARN_UNGUARDED_AVAILABILITY = YES_AGGRESSIVE;
				CLANG_WARN_UNREACHABLE_CODE = YES;
				CLANG_WARN__DUPLICATE_METHOD_MATCH = YES;
				COPY_PHASE_STRIP = NO;
				DEBUG_INFORMATION_FORMAT = "dwarf-with-dsym";
				ENABLE_NS_ASSERTIONS = NO;
				ENABLE_STRICT_OBJC_MSGSEND = YES;
				ENABLE_USER_SCRIPT_SANDBOXING = YES;
				GCC_C_LANGUAGE_STANDARD = gnu17;
				GCC_NO_COMMON_BLOCKS = YES;
				GCC_WARN_64_TO_32_BIT_CONVERSION = YES;
				GCC_WARN_ABOUT_RETURN_TYPE = YES_ERROR;
				GCC_WARN_UNDECLARED_SELECTOR = YES;
				GCC_WARN_UNINITIALIZED_AUTOS = YES_AGGRESSIVE;
				GCC_WARN_UNUSED_FUNCTION = YES;
				GCC_WARN_UNUSED_VARIABLE = YES;
				IPHONEOS_DEPLOYMENT_TARGET = 18.4;
				LOCALIZATION_PREFERS_STRING_CATALOGS = YES;
				MTL_ENABLE_DEBUG_INFO = NO;
				MTL_FAST_MATH = YES;
				SDKROOT = iphoneos;
				SWIFT_COMPILATION_MODE = wholemodule;
				VALIDATE_PRODUCT = YES;
			};
			name = Release;
		};
		E941AF262DA2618A00948043 /* Debug */ = {
			isa = XCBuildConfiguration;
			buildSettings = {
				ASSETCATALOG_COMPILER_APPICON_NAME = AppIcon;
				ASSETCATALOG_COMPILER_GLOBAL_ACCENT_COLOR_NAME = AccentColor;
				CODE_SIGN_STYLE = Automatic;
				CURRENT_PROJECT_VERSION = 1;
				ENABLE_PREVIEWS = YES;
				GENERATE_INFOPLIST_FILE = YES;
				INFOPLIST_KEY_UIApplicationSceneManifest_Generation = YES;
				INFOPLIST_KEY_UIApplicationSupportsIndirectInputEvents = YES;
				INFOPLIST_KEY_UILaunchScreen_Generation = YES;
				INFOPLIST_KEY_UISupportedInterfaceOrientations_iPad = "UIInterfaceOrientationPortrait UIInterfaceOrientationPortraitUpsideDown UIInterfaceOrientationLandscapeLeft UIInterfaceOrientationLandscapeRight";
				INFOPLIST_KEY_UISupportedInterfaceOrientations_iPhone = "UIInterfaceOrientationPortrait UIInterfaceOrientationLandscapeLeft UIInterfaceOrientationLandscapeRight";
				LD_RUNPATH_SEARCH_PATHS = (
					"$(inherited)",
					"@executable_path/Frameworks",
				);
				MARKETING_VERSION = 1.0;
				PRODUCT_BUNDLE_IDENTIFIER = com.codewithshiv.iExpenseApp;
				PRODUCT_NAME = "$(TARGET_NAME)";
				SWIFT_EMIT_LOC_STRINGS = YES;
				SWIFT_VERSION = 5.0;
				TARGETED_DEVICE_FAMILY = "1,2";
			};
			name = Debug;
		};
		E941AF272DA2618A00948043 /* Release */ = {
			isa = XCBuildConfiguration;
			buildSettings = {
				ASSETCATALOG_COMPILER_APPICON_NAME = AppIcon;
				ASSETCATALOG_COMPILER_GLOBAL_ACCENT_COLOR_NAME = AccentColor;
				CODE_SIGN_STYLE = Automatic;
				CURRENT_PROJECT_VERSION = 1;
				ENABLE_PREVIEWS = YES;
				GENERATE_INFOPLIST_FILE = YES;
				INFOPLIST_KEY_UIApplicationSceneManifest_Generation = YES;
				INFOPLIST_KEY_UIApplicationSupportsIndirectInputEvents = YES;
				INFOPLIST_KEY_UILaunchScreen_Generation = YES;
				INFOPLIST_KEY_UISupportedInterfaceOrientations_iPad = "UIInterfaceOrientationPortrait UIInterfaceOrientationPortraitUpsideDown UIInterfaceOrientationLandscapeLeft UIInterfaceOrientationLandscapeRight";
				INFOPLIST_KEY_UISupportedInterfaceOrientations_iPhone = "UIInterfaceOrientationPortrait UIInterfaceOrientationLandscapeLeft UIInterfaceOrientationLandscapeRight";
				LD_RUNPATH_SEARCH_PATHS = (
					"$(inherited)",
					"@executable_path/Frameworks",
				);
				MARKETING_VERSION = 1.0;
				PRODUCT_BUNDLE_IDENTIFIER = com.codewithshiv.iExpenseApp;
				PRODUCT_NAME = "$(TARGET_NAME)";
				SWIFT_EMIT_LOC_STRINGS = YES;
				SWIFT_VERSION = 5.0;
				TARGETED_DEVICE_FAMILY = "1,2";
			};
			name = Release;
		};
		E941AF292DA2618A00948043 /* Debug */ = {
			isa = XCBuildConfiguration;
			buildSettings = {
				BUNDLE_LOADER = "$(TEST_HOST)";
				CODE_SIGN_STYLE = Automatic;
				CURRENT_PROJECT_VERSION = 1;
				GENERATE_INFOPLIST_FILE = YES;
				IPHONEOS_DEPLOYMENT_TARGET = 18.4;
				MARKETING_VERSION = 1.0;
				PRODUCT_BUNDLE_IDENTIFIER = com.codewithshiv.iExpenseAppTests;
				PRODUCT_NAME = "$(TARGET_NAME)";
				SWIFT_EMIT_LOC_STRINGS = NO;
				SWIFT_VERSION = 5.0;
				TARGETED_DEVICE_FAMILY = "1,2";
				TEST_HOST = "$(BUILT_PRODUCTS_DIR)/iExpenseApp.app/$(BUNDLE_EXECUTABLE_FOLDER_PATH)/iExpenseApp";
			};
			name = Debug;
		};
		E941AF2A2DA2618A00948043 /* Release */ = {
			isa = XCBuildConfiguration;
			buildSettings = {
				BUNDLE_LOADER = "$(TEST_HOST)";
				CODE_SIGN_STYLE = Automatic;
				CURRENT_PROJECT_VERSION = 1;
				GENERATE_INFOPLIST_FILE = YES;
				IPHONEOS_DEPLOYMENT_TARGET = 18.4;
				MARKETING_VERSION = 1.0;
				PRODUCT_BUNDLE_IDENTIFIER = com.codewithshiv.iExpenseAppTests;
				PRODUCT_NAME = "$(TARGET_NAME)";
				SWIFT_EMIT_LOC_STRINGS = NO;
				SWIFT_VERSION = 5.0;
				TARGETED_DEVICE_FAMILY = "1,2";
				TEST_HOST = "$(BUILT_PRODUCTS_DIR)/iExpenseApp.app/$(BUNDLE_EXECUTABLE_FOLDER_PATH)/iExpenseApp";
			};
			name = Release;
		};
		E941AF2C2DA2618A00948043 /* Debug */ = {
			isa = XCBuildConfiguration;
			buildSettings = {
				CODE_SIGN_STYLE = Automatic;
				CURRENT_PROJECT_VERSION = 1;
				GENERATE_INFOPLIST_FILE = YES;
				MARKETING_VERSION = 1.0;
				PRODUCT_BUNDLE_IDENTIFIER = com.codewithshiv.iExpenseAppUITests;
				PRODUCT_NAME = "$(TARGET_NAME)";
				SWIFT_EMIT_LOC_STRINGS = NO;
				SWIFT_VERSION = 5.0;
				TARGETED_DEVICE_FAMILY = "1,2";
				TEST_TARGET_NAME = iExpenseApp;
			};
			name = Debug;
		};
		E941AF2D2DA2618A00948043 /* Release */ = {
			isa = XCBuildConfiguration;
			buildSettings = {
				CODE_SIGN_STYLE = Automatic;
				CURRENT_PROJECT_VERSION = 1;
				GENERATE_INFOPLIST_FILE = YES;
				MARKETING_VERSION = 1.0;
				PRODUCT_BUNDLE_IDENTIFIER = com.codewithshiv.iExpenseAppUITests;
				PRODUCT_NAME = "$(TARGET_NAME)";
				SWIFT_EMIT_LOC_STRINGS = NO;
				SWIFT_VERSION = 5.0;
				TARGETED_DEVICE_FAMILY = "1,2";
				TEST_TARGET_NAME = iExpenseApp;
			};
			name = Release;
		};
/* End XCBuildConfiguration section */

/* Begin XCConfigurationList section */
		E941AEFF2DA2618900948043 /* Build configuration list for PBXProject "iExpenseApp" */ = {
			isa = XCConfigurationList;
			buildConfigurations = (
				E941AF232DA2618A00948043 /* Debug */,
				E941AF242DA2618A00948043 /* Release */,
			);
			defaultConfigurationIsVisible = 0;
			defaultConfigurationName = Release;
		};
		E941AF252DA2618A00948043 /* Build configuration list for PBXNativeTarget "iExpenseApp" */ = {
			isa = XCConfigurationList;
			buildConfigurations = (
				E941AF262DA2618A00948043 /* Debug */,
				E941AF272DA2618A00948043 /* Release */,
			);
			defaultConfigurationIsVisible = 0;
			defaultConfigurationName = Release;
		};
		E941AF282DA2618A00948043 /* Build configuration list for PBXNativeTarget "iExpenseAppTests" */ = {
			isa = XCConfigurationList;
			buildConfigurations = (
				E941AF292DA2618A00948043 /* Debug */,
				E941AF2A2DA2618A00948043 /* Release */,
			);
			defaultConfigurationIsVisible = 0;
			defaultConfigurationName = Release;
		};
		E941AF2B2DA2618A00948043 /* Build configuration list for PBXNativeTarget "iExpenseAppUITests" */ = {
			isa = XCConfigurationList;
			buildConfigurations = (
				E941AF2C2DA2618A00948043 /* Debug */,
				E941AF2D2DA2618A00948043 /* Release */,
			);
			defaultConfigurationIsVisible = 0;
			defaultConfigurationName = Release;
		};
/* End XCConfigurationList section */
	};
	rootObject = E941AEFC2DA2618900948043 /* Project object */;
}
